
Microsoft Visual Studio Solution File, Format Version 12.00
# Visual Studio 15
VisualStudioVersion = 15.0.28010.2048
MinimumVisualStudioVersion = 10.0.40219.1
Project("{FAE04EC0-301F-11D3-BF4B-00C04F79EFBC}") = "denemeyuv", "denemeyuv\denemeyuv.csproj", "{FB2C70FD-F0A0-4005-A6BB-1B6BB5493297}"
EndProject
Global
	GlobalSection(SolutionConfigurationPlatforms) = preSolution
		Debug|Any CPU = Debug|Any CPU
		Release|Any CPU = Release|Any CPU
	EndGlobalSection
	GlobalSection(ProjectConfigurationPlatforms) = postSolution
		{FB2C70FD-F0A0-4005-A6BB-1B6BB5493297}.Debug|Any CPU.ActiveCfg = Debug|Any CPU
		{FB2C70FD-F0A0-4005-A6BB-1B6BB5493297}.Debug|Any CPU.Build.0 = Debug|Any CPU
		{FB2C70FD-F0A0-4005-A6BB-1B6BB5493297}.Release|Any CPU.ActiveCfg = Release|Any CPU
		{FB2C70FD-F0A0-4005-A6BB-1B6BB5493297}.Release|Any CPU.Build.0 = Release|Any CPU
	EndGlobalSection
	GlobalSection(SolutionProperties) = preSolution
		HideSolutionNode = FALSE
	EndGlobalSection
	GlobalSection(ExtensibilityGlobals) = postSolution
		SolutionGuid = {7D584EAE-24C4-4A72-BF94-B1D968A087DE}
	EndGlobalSection
EndGlobal
